{
  "nodes": {
    "nixpkgs": {
      "locked": {
        "lastModified": 1707546158,
        "narHash": "sha256-nYYJTpzfPMDxI8mzhQsYjIUX+grorqjKEU9Np6Xwy/0=",
        "path": "/nix/store/599wy5snf00pn1apmsnzmiy0ysdpds03-source",
        "rev": "d934204a0f8d9198e1e4515dd6fec76a139c87f0",
        "type": "path"
      },
      "original": {
        "id": "nixpkgs",
        "type": "indirect"
      }
    },
    "root": {
      "inputs": {
        "nixpkgs": "nixpkgs",
        "typed-systems": "typed-systems"
      }
    },
    "typed-systems": {
      "flake": false,
      "locked": {
        "lastModified": 1701901890,
        "narHash": "sha256-lCwEwvpGFICqSmGYDXyVOYsmVwm2wQ49LPRW1lweHsw=",
        "owner": "YellowOnion",
        "repo": "nix-typed-systems",
        "rev": "fd51341655c082211c1292670ed9043cd580d716",
        "type": "github"
      },
      "original": {
        "owner": "YellowOnion",
        "repo": "nix-typed-systems",
        "type": "github"
      }
    }
  },
  "root": "root",
  "version": 7
}
